
Microsoft Visual Studio Solution File, Format Version 12.00
# Visual Studio 14
VisualStudioVersion = 14.0.24720.0
MinimumVisualStudioVersion = 10.0.40219.1
Project("{FAE04EC0-301F-11D3-BF4B-00C04F79EFBC}") = "ServiceStack.Request.Correlation", "ServiceStack.Request.Correlation\ServiceStack.Request.Correlation.csproj", "{68FDD37A-B15E-4EE3-9F9D-652D35F66524}"
EndProject
Project("{2150E333-8FDC-42A3-9474-1A3956D46DE8}") = "test", "test", "{1B21B7CF-AA63-44FD-98C1-CBAB86F21D7A}"
EndProject
Project("{2150E333-8FDC-42A3-9474-1A3956D46DE8}") = "demo", "demo", "{16BD1096-59FD-420E-896B-048D6BEDAAB9}"
EndProject
Project("{FAE04EC0-301F-11D3-BF4B-00C04F79EFBC}") = "ServiceStack.Request.Correlation.Tests", "test\ServiceStack.Request.Correlation.Tests\ServiceStack.Request.Correlation.Tests.csproj", "{DF483953-95AA-4849-B500-A5A995C89130}"
EndProject
Project("{FAE04EC0-301F-11D3-BF4B-00C04F79EFBC}") = "DemoService", "test\DemoService\DemoService.csproj", "{F7792FC8-9CF9-488B-864D-865D55C2BBB1}"
EndProject
Global
	GlobalSection(SolutionConfigurationPlatforms) = preSolution
		Debug|Any CPU = Debug|Any CPU
		Release|Any CPU = Release|Any CPU
	EndGlobalSection
	GlobalSection(ProjectConfigurationPlatforms) = postSolution
		{68FDD37A-B15E-4EE3-9F9D-652D35F66524}.Debug|Any CPU.ActiveCfg = Debug|Any CPU
		{68FDD37A-B15E-4EE3-9F9D-652D35F66524}.Debug|Any CPU.Build.0 = Debug|Any CPU
		{68FDD37A-B15E-4EE3-9F9D-652D35F66524}.Release|Any CPU.ActiveCfg = Release|Any CPU
		{68FDD37A-B15E-4EE3-9F9D-652D35F66524}.Release|Any CPU.Build.0 = Release|Any CPU
		{DF483953-95AA-4849-B500-A5A995C89130}.Debug|Any CPU.ActiveCfg = Debug|Any CPU
		{DF483953-95AA-4849-B500-A5A995C89130}.Debug|Any CPU.Build.0 = Debug|Any CPU
		{DF483953-95AA-4849-B500-A5A995C89130}.Release|Any CPU.ActiveCfg = Release|Any CPU
		{DF483953-95AA-4849-B500-A5A995C89130}.Release|Any CPU.Build.0 = Release|Any CPU
		{F7792FC8-9CF9-488B-864D-865D55C2BBB1}.Debug|Any CPU.ActiveCfg = Debug|Any CPU
		{F7792FC8-9CF9-488B-864D-865D55C2BBB1}.Debug|Any CPU.Build.0 = Debug|Any CPU
		{F7792FC8-9CF9-488B-864D-865D55C2BBB1}.Release|Any CPU.ActiveCfg = Release|Any CPU
		{F7792FC8-9CF9-488B-864D-865D55C2BBB1}.Release|Any CPU.Build.0 = Release|Any CPU
	EndGlobalSection
	GlobalSection(SolutionProperties) = preSolution
		HideSolutionNode = FALSE
	EndGlobalSection
	GlobalSection(NestedProjects) = preSolution
		{16BD1096-59FD-420E-896B-048D6BEDAAB9} = {1B21B7CF-AA63-44FD-98C1-CBAB86F21D7A}
		{DF483953-95AA-4849-B500-A5A995C89130} = {1B21B7CF-AA63-44FD-98C1-CBAB86F21D7A}
		{F7792FC8-9CF9-488B-864D-865D55C2BBB1} = {16BD1096-59FD-420E-896B-048D6BEDAAB9}
	EndGlobalSection
EndGlobal
